// !$*UTF8*$!
{
	archiveVersion = 1;
	classes = {
	};
	objectVersion = 56;
	objects = {

/* Begin PBXBuildFile section */
		A387F6392930E95700BDF2C3 /* AppDelegate.swift in Sources */ = {isa = PBXBuildFile; fileRef = A387F6382930E95700BDF2C3 /* AppDelegate.swift */; };
		A387F63B2930E95700BDF2C3 /* SceneDelegate.swift in Sources */ = {isa = PBXBuildFile; fileRef = A387F63A2930E95700BDF2C3 /* SceneDelegate.swift */; };
		A387F6422930E95900BDF2C3 /* Assets.xcassets in Resources */ = {isa = PBXBuildFile; fileRef = A387F6412930E95900BDF2C3 /* Assets.xcassets */; };
		A387F6452930E95900BDF2C3 /* LaunchScreen.storyboard in Resources */ = {isa = PBXBuildFile; fileRef = A387F6432930E95900BDF2C3 /* LaunchScreen.storyboard */; };
		A387F6522930EA5E00BDF2C3 /* HomeViewController.swift in Sources */ = {isa = PBXBuildFile; fileRef = A387F6512930EA5E00BDF2C3 /* HomeViewController.swift */; };
		A387F6542930EA9200BDF2C3 /* HomeView.swift in Sources */ = {isa = PBXBuildFile; fileRef = A387F6532930EA9200BDF2C3 /* HomeView.swift */; };
		A387F6572930EC1200BDF2C3 /* UIImage.swift in Sources */ = {isa = PBXBuildFile; fileRef = A387F6562930EC1200BDF2C3 /* UIImage.swift */; };
		A387F6592930F0BB00BDF2C3 /* UIView.swift in Sources */ = {isa = PBXBuildFile; fileRef = A387F6582930F0BB00BDF2C3 /* UIView.swift */; };
		A387F65C2930FBA300BDF2C3 /* AnimalSize.swift in Sources */ = {isa = PBXBuildFile; fileRef = A387F65B2930FBA300BDF2C3 /* AnimalSize.swift */; };
/* End PBXBuildFile section */

/* Begin PBXFileReference section */
		A387F6352930E95700BDF2C3 /* AnimalAge.app */ = {isa = PBXFileReference; explicitFileType = wrapper.application; includeInIndex = 0; path = AnimalAge.app; sourceTree = BUILT_PRODUCTS_DIR; };
		A387F6382930E95700BDF2C3 /* AppDelegate.swift */ = {isa = PBXFileReference; lastKnownFileType = sourcecode.swift; path = AppDelegate.swift; sourceTree = "<group>"; };
		A387F63A2930E95700BDF2C3 /* SceneDelegate.swift */ = {isa = PBXFileReference; lastKnownFileType = sourcecode.swift; path = SceneDelegate.swift; sourceTree = "<group>"; };
		A387F6412930E95900BDF2C3 /* Assets.xcassets */ = {isa = PBXFileReference; lastKnownFileType = folder.assetcatalog; path = Assets.xcassets; sourceTree = "<group>"; };
		A387F6442930E95900BDF2C3 /* Base */ = {isa = PBXFileReference; lastKnownFileType = file.storyboard; name = Base; path = Base.lproj/LaunchScreen.storyboard; sourceTree = "<group>"; };
		A387F6462930E95900BDF2C3 /* Info.plist */ = {isa = PBXFileReference; lastKnownFileType = text.plist.xml; path = Info.plist; sourceTree = "<group>"; };
		A387F6512930EA5E00BDF2C3 /* HomeViewController.swift */ = {isa = PBXFileReference; lastKnownFileType = sourcecode.swift; path = HomeViewController.swift; sourceTree = "<group>"; };
		A387F6532930EA9200BDF2C3 /* HomeView.swift */ = {isa = PBXFileReference; lastKnownFileType = sourcecode.swift; path = HomeView.swift; sourceTree = "<group>"; };
		A387F6562930EC1200BDF2C3 /* UIImage.swift */ = {isa = PBXFileReference; lastKnownFileType = sourcecode.swift; path = UIImage.swift; sourceTree = "<group>"; };
		A387F6582930F0BB00BDF2C3 /* UIView.swift */ = {isa = PBXFileReference; lastKnownFileType = sourcecode.swift; path = UIView.swift; sourceTree = "<group>"; };
		A387F65B2930FBA300BDF2C3 /* AnimalSize.swift */ = {isa = PBXFileReference; lastKnownFileType = sourcecode.swift; path = AnimalSize.swift; sourceTree = "<group>"; };
/* End PBXFileReference section */

/* Begin PBXFrameworksBuildPhase section */
		A387F6322930E95700BDF2C3 /* Frameworks */ = {
			isa = PBXFrameworksBuildPhase;
			buildActionMask = 2147483647;
			files = (
			);
			runOnlyForDeploymentPostprocessing = 0;
		};
/* End PBXFrameworksBuildPhase section */

/* Begin PBXGroup section */
		A387F62C2930E95700BDF2C3 = {
			isa = PBXGroup;
			children = (
				A387F6372930E95700BDF2C3 /* AnimalAge */,
				A387F6362930E95700BDF2C3 /* Products */,
			);
			sourceTree = "<group>";
		};
		A387F6362930E95700BDF2C3 /* Products */ = {
			isa = PBXGroup;
			children = (
				A387F6352930E95700BDF2C3 /* AnimalAge.app */,
			);
			name = Products;
			sourceTree = "<group>";
		};
		A387F6372930E95700BDF2C3 /* AnimalAge */ = {
			isa = PBXGroup;
			children = (
				A387F65A2930FB9400BDF2C3 /* Enum */,
				A387F64C2930E98400BDF2C3 /* AppDelegate */,
				A387F6552930EBFC00BDF2C3 /* Extensions */,
				A387F64F2930E99B00BDF2C3 /* Model */,
				A387F64E2930E99800BDF2C3 /* View */,
				A387F64D2930E99100BDF2C3 /* Controller */,
				A387F6502930E9A400BDF2C3 /* Resources */,
				A387F6462930E95900BDF2C3 /* Info.plist */,
			);
			path = AnimalAge;
			sourceTree = "<group>";
		};
		A387F64C2930E98400BDF2C3 /* AppDelegate */ = {
			isa = PBXGroup;
			children = (
				A387F6382930E95700BDF2C3 /* AppDelegate.swift */,
				A387F63A2930E95700BDF2C3 /* SceneDelegate.swift */,
			);
			path = AppDelegate;
			sourceTree = "<group>";
		};
		A387F64D2930E99100BDF2C3 /* Controller */ = {
			isa = PBXGroup;
			children = (
				A387F6512930EA5E00BDF2C3 /* HomeViewController.swift */,
			);
			path = Controller;
			sourceTree = "<group>";
		};
		A387F64E2930E99800BDF2C3 /* View */ = {
			isa = PBXGroup;
			children = (
				A387F6532930EA9200BDF2C3 /* HomeView.swift */,
			);
			path = View;
			sourceTree = "<group>";
		};
		A387F64F2930E99B00BDF2C3 /* Model */ = {
			isa = PBXGroup;
			children = (
			);
			path = Model;
			sourceTree = "<group>";
		};
		A387F6502930E9A400BDF2C3 /* Resources */ = {
			isa = PBXGroup;
			children = (
				A387F6412930E95900BDF2C3 /* Assets.xcassets */,
				A387F6432930E95900BDF2C3 /* LaunchScreen.storyboard */,
			);
			path = Resources;
			sourceTree = "<group>";
		};
		A387F6552930EBFC00BDF2C3 /* Extensions */ = {
			isa = PBXGroup;
			children = (
				A387F6562930EC1200BDF2C3 /* UIImage.swift */,
				A387F6582930F0BB00BDF2C3 /* UIView.swift */,
			);
			path = Extensions;
			sourceTree = "<group>";
		};
		A387F65A2930FB9400BDF2C3 /* Enum */ = {
			isa = PBXGroup;
			children = (
				A387F65B2930FBA300BDF2C3 /* AnimalSize.swift */,
			);
			path = Enum;
			sourceTree = "<group>";
		};
/* End PBXGroup section */

/* Begin PBXNativeTarget section */
		A387F6342930E95700BDF2C3 /* AnimalAge */ = {
			isa = PBXNativeTarget;
			buildConfigurationList = A387F6492930E95900BDF2C3 /* Build configuration list for PBXNativeTarget "AnimalAge" */;
			buildPhases = (
				A387F6312930E95700BDF2C3 /* Sources */,
				A387F6322930E95700BDF2C3 /* Frameworks */,
				A387F6332930E95700BDF2C3 /* Resources */,
			);
			buildRules = (
			);
			dependencies = (
			);
			name = AnimalAge;
			productName = AnimalAge;
			productReference = A387F6352930E95700BDF2C3 /* AnimalAge.app */;
			productType = "com.apple.product-type.application";
		};
/* End PBXNativeTarget section */

/* Begin PBXProject section */
		A387F62D2930E95700BDF2C3 /* Project object */ = {
			isa = PBXProject;
			attributes = {
				BuildIndependentTargetsInParallel = 1;
				LastSwiftUpdateCheck = 1400;
				LastUpgradeCheck = 1400;
				TargetAttributes = {
					A387F6342930E95700BDF2C3 = {
						CreatedOnToolsVersion = 14.0;
					};
				};
			};
			buildConfigurationList = A387F6302930E95700BDF2C3 /* Build configuration list for PBXProject "AnimalAge" */;
			compatibilityVersion = "Xcode 14.0";
			developmentRegion = en;
			hasScannedForEncodings = 0;
			knownRegions = (
				en,
				Base,
			);
			mainGroup = A387F62C2930E95700BDF2C3;
			productRefGroup = A387F6362930E95700BDF2C3 /* Products */;
			projectDirPath = "";
			projectRoot = "";
			targets = (
				A387F6342930E95700BDF2C3 /* AnimalAge */,
			);
		};
/* End PBXProject section */

/* Begin PBXResourcesBuildPhase section */
		A387F6332930E95700BDF2C3 /* Resources */ = {
			isa = PBXResourcesBuildPhase;
			buildActionMask = 2147483647;
			files = (
				A387F6452930E95900BDF2C3 /* LaunchScreen.storyboard in Resources */,
				A387F6422930E95900BDF2C3 /* Assets.xcassets in Resources */,
			);
			runOnlyForDeploymentPostprocessing = 0;
		};
/* End PBXResourcesBuildPhase section */

/* Begin PBXSourcesBuildPhase section */
		A387F6312930E95700BDF2C3 /* Sources */ = {
			isa = PBXSourcesBuildPhase;
			buildActionMask = 2147483647;
			files = (
				A387F6392930E95700BDF2C3 /* AppDelegate.swift in Sources */,
				A387F6572930EC1200BDF2C3 /* UIImage.swift in Sources */,
				A387F6542930EA9200BDF2C3 /* HomeView.swift in Sources */,
				A387F63B2930E95700BDF2C3 /* SceneDelegate.swift in Sources */,
				A387F65C2930FBA300BDF2C3 /* AnimalSize.swift in Sources */,
				A387F6592930F0BB00BDF2C3 /* UIView.swift in Sources */,
				A387F6522930EA5E00BDF2C3 /* HomeViewController.swift in Sources */,
			);
			runOnlyForDeploymentPostprocessing = 0;
		};
/* End PBXSourcesBuildPhase section */

/* Begin PBXVariantGroup section */
		A387F6432930E95900BDF2C3 /* LaunchScreen.storyboard */ = {
			isa = PBXVariantGroup;
			children = (
				A387F6442930E95900BDF2C3 /* Base */,
			);
			name = LaunchScreen.storyboard;
			sourceTree = "<group>";
		};
/* End PBXVariantGroup section */

/* Begin XCBuildConfiguration section */
		A387F6472930E95900BDF2C3 /* Debug */ = {
			isa = XCBuildConfiguration;
			buildSettings = {
				ALWAYS_SEARCH_USER_PATHS = NO;
				CLANG_ANALYZER_NONNULL = YES;
				CLANG_ANALYZER_NUMBER_OBJECT_CONVERSION = YES_AGGRESSIVE;
				CLANG_CXX_LANGUAGE_STANDARD = "gnu++20";
				CLANG_ENABLE_MODULES = YES;
				CLANG_ENABLE_OBJC_ARC = YES;
				CLANG_ENABLE_OBJC_WEAK = YES;
				CLANG_WARN_BLOCK_CAPTURE_AUTORELEASING = YES;
				CLANG_WARN_BOOL_CONVERSION = YES;
				CLANG_WARN_COMMA = YES;
				CLANG_WARN_CONSTANT_CONVERSION = YES;
				CLANG_WARN_DEPRECATED_OBJC_IMPLEMENTATIONS = YES;
				CLANG_WARN_DIRECT_OBJC_ISA_USAGE = YES_ERROR;
				CLANG_WARN_DOCUMENTATION_COMMENTS = YES;
				CLANG_WARN_EMPTY_BODY = YES;
				CLANG_WARN_ENUM_CONVERSION = YES;
				CLANG_WARN_INFINITE_RECURSION = YES;
				CLANG_WARN_INT_CONVERSION = YES;
				CLANG_WARN_NON_LITERAL_NULL_CONVERSION = YES;
				CLANG_WARN_OBJC_IMPLICIT_RETAIN_SELF = YES;
				CLANG_WARN_OBJC_LITERAL_CONVERSION = YES;
				CLANG_WARN_OBJC_ROOT_CLASS = YES_ERROR;
				CLANG_WARN_QUOTED_INCLUDE_IN_FRAMEWORK_HEADER = YES;
				CLANG_WARN_RANGE_LOOP_ANALYSIS = YES;
				CLANG_WARN_STRICT_PROTOTYPES = YES;
				CLANG_WARN_SUSPICIOUS_MOVE = YES;
				CLANG_WARN_UNGUARDED_AVAILABILITY = YES_AGGRESSIVE;
				CLANG_WARN_UNREACHABLE_CODE = YES;
				CLANG_WARN__DUPLICATE_METHOD_MATCH = YES;
				COPY_PHASE_STRIP = NO;
				DEBUG_INFORMATION_FORMAT = dwarf;
				ENABLE_STRICT_OBJC_MSGSEND = YES;
				ENABLE_TESTABILITY = YES;
				GCC_C_LANGUAGE_STANDARD = gnu11;
				GCC_DYNAMIC_NO_PIC = NO;
				GCC_NO_COMMON_BLOCKS = YES;
				GCC_OPTIMIZATION_LEVEL = 0;
				GCC_PREPROCESSOR_DEFINITIONS = (
					"DEBUG=1",
					"$(inherited)",
				);
				GCC_WARN_64_TO_32_BIT_CONVERSION = YES;
				GCC_WARN_ABOUT_RETURN_TYPE = YES_ERROR;
				GCC_WARN_UNDECLARED_SELECTOR = YES;
				GCC_WARN_UNINITIALIZED_AUTOS = YES_AGGRESSIVE;
				GCC_WARN_UNUSED_FUNCTION = YES;
				GCC_WARN_UNUSED_VARIABLE = YES;
				IPHONEOS_DEPLOYMENT_TARGET = 16.0;
				MTL_ENABLE_DEBUG_INFO = INCLUDE_SOURCE;
				MTL_FAST_MATH = YES;
				ONLY_ACTIVE_ARCH = YES;
				SDKROOT = iphoneos;
				SWIFT_ACTIVE_COMPILATION_CONDITIONS = DEBUG;
				SWIFT_OPTIMIZATION_LEVEL = "-Onone";
			};
			name = Debug;
		};
		A387F6482930E95900BDF2C3 /* Release */ = {
			isa = XCBuildConfiguration;
			buildSettings = {
				ALWAYS_SEARCH_USER_PATHS = NO;
				CLANG_ANALYZER_NONNULL = YES;
				CLANG_ANALYZER_NUMBER_OBJECT_CONVERSION = YES_AGGRESSIVE;
				CLANG_CXX_LANGUAGE_STANDARD = "gnu++20";
				CLANG_ENABLE_MODULES = YES;
				CLANG_ENABLE_OBJC_ARC = YES;
				CLANG_ENABLE_OBJC_WEAK = YES;
				CLANG_WARN_BLOCK_CAPTURE_AUTORELEASING = YES;
				CLANG_WARN_BOOL_CONVERSION = YES;
				CLANG_WARN_COMMA = YES;
				CLANG_WARN_CONSTANT_CONVERSION = YES;
				CLANG_WARN_DEPRECATED_OBJC_IMPLEMENTATIONS = YES;
				CLANG_WARN_DIRECT_OBJC_ISA_USAGE = YES_ERROR;
				CLANG_WARN_DOCUMENTATION_COMMENTS = YES;
				CLANG_WARN_EMPTY_BODY = YES;
				CLANG_WARN_ENUM_CONVERSION = YES;
				CLANG_WARN_INFINITE_RECURSION = YES;
				CLANG_WARN_INT_CONVERSION = YES;
				CLANG_WARN_NON_LITERAL_NULL_CONVERSION = YES;
				CLANG_WARN_OBJC_IMPLICIT_RETAIN_SELF = YES;
				CLANG_WARN_OBJC_LITERAL_CONVERSION = YES;
				CLANG_WARN_OBJC_ROOT_CLASS = YES_ERROR;
				CLANG_WARN_QUOTED_INCLUDE_IN_FRAMEWORK_HEADER = YES;
				CLANG_WARN_RANGE_LOOP_ANALYSIS = YES;
				CLANG_WARN_STRICT_PROTOTYPES = YES;
				CLANG_WARN_SUSPICIOUS_MOVE = YES;
				CLANG_WARN_UNGUARDED_AVAILABILITY = YES_AGGRESSIVE;
				CLANG_WARN_UNREACHABLE_CODE = YES;
				CLANG_WARN__DUPLICATE_METHOD_MATCH = YES;
				COPY_PHASE_STRIP = NO;
				DEBUG_INFORMATION_FORMAT = "dwarf-with-dsym";
				ENABLE_NS_ASSERTIONS = NO;
				ENABLE_STRICT_OBJC_MSGSEND = YES;
				GCC_C_LANGUAGE_STANDARD = gnu11;
				GCC_NO_COMMON_BLOCKS = YES;
				GCC_WARN_64_TO_32_BIT_CONVERSION = YES;
				GCC_WARN_ABOUT_RETURN_TYPE = YES_ERROR;
				GCC_WARN_UNDECLARED_SELECTOR = YES;
				GCC_WARN_UNINITIALIZED_AUTOS = YES_AGGRESSIVE;
				GCC_WARN_UNUSED_FUNCTION = YES;
				GCC_WARN_UNUSED_VARIABLE = YES;
				IPHONEOS_DEPLOYMENT_TARGET = 16.0;
				MTL_ENABLE_DEBUG_INFO = NO;
				MTL_FAST_MATH = YES;
				SDKROOT = iphoneos;
				SWIFT_COMPILATION_MODE = wholemodule;
				SWIFT_OPTIMIZATION_LEVEL = "-O";
				VALIDATE_PRODUCT = YES;
			};
			name = Release;
		};
		A387F64A2930E95900BDF2C3 /* Debug */ = {
			isa = XCBuildConfiguration;
			buildSettings = {
				ASSETCATALOG_COMPILER_APPICON_NAME = AppIcon;
				ASSETCATALOG_COMPILER_GLOBAL_ACCENT_COLOR_NAME = AccentColor;
				CODE_SIGN_STYLE = Automatic;
				CURRENT_PROJECT_VERSION = 1;
				DEVELOPMENT_TEAM = GM2YUUZ32A;
				GENERATE_INFOPLIST_FILE = YES;
				INFOPLIST_FILE = AnimalAge/Info.plist;
				INFOPLIST_KEY_UIApplicationSupportsIndirectInputEvents = YES;
				INFOPLIST_KEY_UILaunchStoryboardName = LaunchScreen;
				INFOPLIST_KEY_UISupportedInterfaceOrientations_iPad = "UIInterfaceOrientationPortrait UIInterfaceOrientationPortraitUpsideDown UIInterfaceOrientationLandscapeLeft UIInterfaceOrientationLandscapeRight";
				INFOPLIST_KEY_UISupportedInterfaceOrientations_iPhone = "UIInterfaceOrientationPortrait UIInterfaceOrientationLandscapeLeft UIInterfaceOrientationLandscapeRight";
				LD_RUNPATH_SEARCH_PATHS = (
					"$(inherited)",
					"@executable_path/Frameworks",
				);
				MARKETING_VERSION = 1.0;
				PRODUCT_BUNDLE_IDENTIFIER = br.com.simim.AnimalAge;
				PRODUCT_NAME = "$(TARGET_NAME)";
				SWIFT_EMIT_LOC_STRINGS = YES;
				SWIFT_VERSION = 5.0;
				TARGETED_DEVICE_FAMILY = "1,2";
			};
			name = Debug;
		};
		A387F64B2930E95900BDF2C3 /* Release */ = {
			isa = XCBuildConfiguration;
			buildSettings = {
				ASSETCATALOG_COMPILER_APPICON_NAME = AppIcon;
				ASSETCATALOG_COMPILER_GLOBAL_ACCENT_COLOR_NAME = AccentColor;
				CODE_SIGN_STYLE = Automatic;
				CURRENT_PROJECT_VERSION = 1;
				DEVELOPMENT_TEAM = GM2YUUZ32A;
				GENERATE_INFOPLIST_FILE = YES;
				INFOPLIST_FILE = AnimalAge/Info.plist;
				INFOPLIST_KEY_UIApplicationSupportsIndirectInputEvents = YES;
				INFOPLIST_KEY_UILaunchStoryboardName = LaunchScreen;
				INFOPLIST_KEY_UISupportedInterfaceOrientations_iPad = "UIInterfaceOrientationPortrait UIInterfaceOrientationPortraitUpsideDown UIInterfaceOrientationLandscapeLeft UIInterfaceOrientationLandscapeRight";
				INFOPLIST_KEY_UISupportedInterfaceOrientations_iPhone = "UIInterfaceOrientationPortrait UIInterfaceOrientationLandscapeLeft UIInterfaceOrientationLandscapeRight";
				LD_RUNPATH_SEARCH_PATHS = (
					"$(inherited)",
					"@executable_path/Frameworks",
				);
				MARKETING_VERSION = 1.0;
				PRODUCT_BUNDLE_IDENTIFIER = br.com.simim.AnimalAge;
				PRODUCT_NAME = "$(TARGET_NAME)";
				SWIFT_EMIT_LOC_STRINGS = YES;
				SWIFT_VERSION = 5.0;
				TARGETED_DEVICE_FAMILY = "1,2";
			};
			name = Release;
		};
/* End XCBuildConfiguration section */

/* Begin XCConfigurationList section */
		A387F6302930E95700BDF2C3 /* Build configuration list for PBXProject "AnimalAge" */ = {
			isa = XCConfigurationList;
			buildConfigurations = (
				A387F6472930E95900BDF2C3 /* Debug */,
				A387F6482930E95900BDF2C3 /* Release */,
			);
			defaultConfigurationIsVisible = 0;
			defaultConfigurationName = Release;
		};
		A387F6492930E95900BDF2C3 /* Build configuration list for PBXNativeTarget "AnimalAge" */ = {
			isa = XCConfigurationList;
			buildConfigurations = (
				A387F64A2930E95900BDF2C3 /* Debug */,
				A387F64B2930E95900BDF2C3 /* Release */,
			);
			defaultConfigurationIsVisible = 0;
			defaultConfigurationName = Release;
		};
/* End XCConfigurationList section */
	};
	rootObject = A387F62D2930E95700BDF2C3 /* Project object */;
}
